// !$*UTF8*$!
{
	archiveVersion = 1;
	classes = {
	};
	objectVersion = 50;
	objects = {

/* Begin PBXBuildFile section */
		469DD69324618463006DBD30 /* AppDelegate.swift in Sources */ = {isa = PBXBuildFile; fileRef = 469DD69224618463006DBD30 /* AppDelegate.swift */; };
		469DD69724618463006DBD30 /* ViewController.swift in Sources */ = {isa = PBXBuildFile; fileRef = 469DD69624618463006DBD30 /* ViewController.swift */; };
		469DD69C24618465006DBD30 /* Assets.xcassets in Resources */ = {isa = PBXBuildFile; fileRef = 469DD69B24618465006DBD30 /* Assets.xcassets */; };
		469DD69F24618465006DBD30 /* LaunchScreen.storyboard in Resources */ = {isa = PBXBuildFile; fileRef = 469DD69D24618465006DBD30 /* LaunchScreen.storyboard */; };
		469DD6A824618876006DBD30 /* LoginView.swift in Sources */ = {isa = PBXBuildFile; fileRef = 469DD6A724618876006DBD30 /* LoginView.swift */; };
		469DD6AD24618C0D006DBD30 /* ColorAssets.xcassets in Resources */ = {isa = PBXBuildFile; fileRef = 469DD6AC24618C0D006DBD30 /* ColorAssets.xcassets */; };
		469DD6AF24618CA2006DBD30 /* UIColor.swift in Sources */ = {isa = PBXBuildFile; fileRef = 469DD6AE24618CA2006DBD30 /* UIColor.swift */; };
		469DD6B124619A22006DBD30 /* LoginViewController.swift in Sources */ = {isa = PBXBuildFile; fileRef = 469DD6B024619A22006DBD30 /* LoginViewController.swift */; };
		469DD6B324619A44006DBD30 /* LoginViewModel.swift in Sources */ = {isa = PBXBuildFile; fileRef = 469DD6B224619A44006DBD30 /* LoginViewModel.swift */; };
		469DD6B524619D90006DBD30 /* Constants.swift in Sources */ = {isa = PBXBuildFile; fileRef = 469DD6B424619D90006DBD30 /* Constants.swift */; };
		469DD6B72461A117006DBD30 /* SceneDelegate.swift in Sources */ = {isa = PBXBuildFile; fileRef = 469DD6B62461A117006DBD30 /* SceneDelegate.swift */; };
		469DD6B92461A76D006DBD30 /* UITextField.swift in Sources */ = {isa = PBXBuildFile; fileRef = 469DD6B82461A76D006DBD30 /* UITextField.swift */; };
		469DD6BB2461A8E7006DBD30 /* UIButton.swift in Sources */ = {isa = PBXBuildFile; fileRef = 469DD6BA2461A8E7006DBD30 /* UIButton.swift */; };
		469DD6BF2461B18A006DBD30 /* UIView.swift in Sources */ = {isa = PBXBuildFile; fileRef = 469DD6BE2461B18A006DBD30 /* UIView.swift */; };
		469DD6C124627218006DBD30 /* AppTextField.swift in Sources */ = {isa = PBXBuildFile; fileRef = 469DD6C024627218006DBD30 /* AppTextField.swift */; };
		469DD6C3246276DE006DBD30 /* String.swift in Sources */ = {isa = PBXBuildFile; fileRef = 469DD6C2246276DE006DBD30 /* String.swift */; };
/* End PBXBuildFile section */

/* Begin PBXFileReference section */
		469DD68F24618463006DBD30 /* Pickapp&Go.app */ = {isa = PBXFileReference; explicitFileType = wrapper.application; includeInIndex = 0; path = "Pickapp&Go.app"; sourceTree = BUILT_PRODUCTS_DIR; };
		469DD69224618463006DBD30 /* AppDelegate.swift */ = {isa = PBXFileReference; lastKnownFileType = sourcecode.swift; path = AppDelegate.swift; sourceTree = "<group>"; };
		469DD69624618463006DBD30 /* ViewController.swift */ = {isa = PBXFileReference; lastKnownFileType = sourcecode.swift; path = ViewController.swift; sourceTree = "<group>"; };
		469DD69B24618465006DBD30 /* Assets.xcassets */ = {isa = PBXFileReference; lastKnownFileType = folder.assetcatalog; path = Assets.xcassets; sourceTree = "<group>"; };
		469DD69E24618465006DBD30 /* Base */ = {isa = PBXFileReference; lastKnownFileType = file.storyboard; name = Base; path = Base.lproj/LaunchScreen.storyboard; sourceTree = "<group>"; };
		469DD6A024618465006DBD30 /* Info.plist */ = {isa = PBXFileReference; lastKnownFileType = text.plist.xml; path = Info.plist; sourceTree = "<group>"; };
		469DD6A724618876006DBD30 /* LoginView.swift */ = {isa = PBXFileReference; lastKnownFileType = sourcecode.swift; path = LoginView.swift; sourceTree = "<group>"; };
		469DD6AC24618C0D006DBD30 /* ColorAssets.xcassets */ = {isa = PBXFileReference; lastKnownFileType = folder.assetcatalog; path = ColorAssets.xcassets; sourceTree = "<group>"; };
		469DD6AE24618CA2006DBD30 /* UIColor.swift */ = {isa = PBXFileReference; lastKnownFileType = sourcecode.swift; path = UIColor.swift; sourceTree = "<group>"; };
		469DD6B024619A22006DBD30 /* LoginViewController.swift */ = {isa = PBXFileReference; lastKnownFileType = sourcecode.swift; path = LoginViewController.swift; sourceTree = "<group>"; };
		469DD6B224619A44006DBD30 /* LoginViewModel.swift */ = {isa = PBXFileReference; lastKnownFileType = sourcecode.swift; path = LoginViewModel.swift; sourceTree = "<group>"; };
		469DD6B424619D90006DBD30 /* Constants.swift */ = {isa = PBXFileReference; lastKnownFileType = sourcecode.swift; path = Constants.swift; sourceTree = "<group>"; };
		469DD6B62461A117006DBD30 /* SceneDelegate.swift */ = {isa = PBXFileReference; lastKnownFileType = sourcecode.swift; path = SceneDelegate.swift; sourceTree = "<group>"; };
		469DD6B82461A76D006DBD30 /* UITextField.swift */ = {isa = PBXFileReference; lastKnownFileType = sourcecode.swift; path = UITextField.swift; sourceTree = "<group>"; };
		469DD6BA2461A8E7006DBD30 /* UIButton.swift */ = {isa = PBXFileReference; lastKnownFileType = sourcecode.swift; path = UIButton.swift; sourceTree = "<group>"; };
		469DD6BE2461B18A006DBD30 /* UIView.swift */ = {isa = PBXFileReference; lastKnownFileType = sourcecode.swift; path = UIView.swift; sourceTree = "<group>"; };
		469DD6C024627218006DBD30 /* AppTextField.swift */ = {isa = PBXFileReference; lastKnownFileType = sourcecode.swift; path = AppTextField.swift; sourceTree = "<group>"; };
		469DD6C2246276DE006DBD30 /* String.swift */ = {isa = PBXFileReference; lastKnownFileType = sourcecode.swift; path = String.swift; sourceTree = "<group>"; };
/* End PBXFileReference section */

/* Begin PBXFrameworksBuildPhase section */
		469DD68C24618463006DBD30 /* Frameworks */ = {
			isa = PBXFrameworksBuildPhase;
			buildActionMask = 2147483647;
			files = (
			);
			runOnlyForDeploymentPostprocessing = 0;
		};
/* End PBXFrameworksBuildPhase section */

/* Begin PBXGroup section */
		469DD68624618463006DBD30 = {
			isa = PBXGroup;
			children = (
				469DD69124618463006DBD30 /* Pickapp&Go */,
				469DD69024618463006DBD30 /* Products */,
			);
			sourceTree = "<group>";
		};
		469DD69024618463006DBD30 /* Products */ = {
			isa = PBXGroup;
			children = (
				469DD68F24618463006DBD30 /* Pickapp&Go.app */,
			);
			name = Products;
			sourceTree = "<group>";
		};
		469DD69124618463006DBD30 /* Pickapp&Go */ = {
			isa = PBXGroup;
			children = (
				469DD6A92461892E006DBD30 /* Extensions */,
				469DD6A624618863006DBD30 /* Login */,
				469DD69224618463006DBD30 /* AppDelegate.swift */,
				469DD6B62461A117006DBD30 /* SceneDelegate.swift */,
				469DD69624618463006DBD30 /* ViewController.swift */,
				469DD69B24618465006DBD30 /* Assets.xcassets */,
				469DD6AC24618C0D006DBD30 /* ColorAssets.xcassets */,
				469DD69D24618465006DBD30 /* LaunchScreen.storyboard */,
				469DD6A024618465006DBD30 /* Info.plist */,
				469DD6B424619D90006DBD30 /* Constants.swift */,
				469DD6C024627218006DBD30 /* AppTextField.swift */,
			);
			path = "Pickapp&Go";
			sourceTree = "<group>";
		};
		469DD6A624618863006DBD30 /* Login */ = {
			isa = PBXGroup;
			children = (
				469DD6A724618876006DBD30 /* LoginView.swift */,
				469DD6B024619A22006DBD30 /* LoginViewController.swift */,
				469DD6B224619A44006DBD30 /* LoginViewModel.swift */,
			);
			path = Login;
			sourceTree = "<group>";
		};
		469DD6A92461892E006DBD30 /* Extensions */ = {
			isa = PBXGroup;
			children = (
				469DD6C2246276DE006DBD30 /* String.swift */,
				469DD6BA2461A8E7006DBD30 /* UIButton.swift */,
				469DD6AE24618CA2006DBD30 /* UIColor.swift */,
				469DD6B82461A76D006DBD30 /* UITextField.swift */,
				469DD6BE2461B18A006DBD30 /* UIView.swift */,
			);
			path = Extensions;
			sourceTree = "<group>";
		};
/* End PBXGroup section */

/* Begin PBXNativeTarget section */
		469DD68E24618463006DBD30 /* Pickapp&Go */ = {
			isa = PBXNativeTarget;
			buildConfigurationList = 469DD6A324618465006DBD30 /* Build configuration list for PBXNativeTarget "Pickapp&Go" */;
			buildPhases = (
				469DD68B24618463006DBD30 /* Sources */,
				469DD68C24618463006DBD30 /* Frameworks */,
				469DD68D24618463006DBD30 /* Resources */,
			);
			buildRules = (
			);
			dependencies = (
			);
			name = "Pickapp&Go";
			productName = "Pickapp&Go";
			productReference = 469DD68F24618463006DBD30 /* Pickapp&Go.app */;
			productType = "com.apple.product-type.application";
		};
/* End PBXNativeTarget section */

/* Begin PBXProject section */
		469DD68724618463006DBD30 /* Project object */ = {
			isa = PBXProject;
			attributes = {
				LastSwiftUpdateCheck = 1140;
				LastUpgradeCheck = 1140;
				ORGANIZATIONNAME = "Mikhail Semerikov";
				TargetAttributes = {
					469DD68E24618463006DBD30 = {
						CreatedOnToolsVersion = 11.4.1;
					};
				};
			};
			buildConfigurationList = 469DD68A24618463006DBD30 /* Build configuration list for PBXProject "Pickapp&Go" */;
			compatibilityVersion = "Xcode 9.3";
			developmentRegion = en;
			hasScannedForEncodings = 0;
			knownRegions = (
				en,
				Base,
			);
			mainGroup = 469DD68624618463006DBD30;
			productRefGroup = 469DD69024618463006DBD30 /* Products */;
			projectDirPath = "";
			projectRoot = "";
			targets = (
				469DD68E24618463006DBD30 /* Pickapp&Go */,
			);
		};
/* End PBXProject section */

/* Begin PBXResourcesBuildPhase section */
		469DD68D24618463006DBD30 /* Resources */ = {
			isa = PBXResourcesBuildPhase;
			buildActionMask = 2147483647;
			files = (
				469DD69F24618465006DBD30 /* LaunchScreen.storyboard in Resources */,
				469DD6AD24618C0D006DBD30 /* ColorAssets.xcassets in Resources */,
				469DD69C24618465006DBD30 /* Assets.xcassets in Resources */,
			);
			runOnlyForDeploymentPostprocessing = 0;
		};
/* End PBXResourcesBuildPhase section */

/* Begin PBXSourcesBuildPhase section */
		469DD68B24618463006DBD30 /* Sources */ = {
			isa = PBXSourcesBuildPhase;
			buildActionMask = 2147483647;
			files = (
				469DD6A824618876006DBD30 /* LoginView.swift in Sources */,
				469DD6C3246276DE006DBD30 /* String.swift in Sources */,
				469DD6AF24618CA2006DBD30 /* UIColor.swift in Sources */,
				469DD6BF2461B18A006DBD30 /* UIView.swift in Sources */,
				469DD6B92461A76D006DBD30 /* UITextField.swift in Sources */,
				469DD6B324619A44006DBD30 /* LoginViewModel.swift in Sources */,
				469DD69724618463006DBD30 /* ViewController.swift in Sources */,
				469DD6BB2461A8E7006DBD30 /* UIButton.swift in Sources */,
				469DD6B524619D90006DBD30 /* Constants.swift in Sources */,
				469DD6B124619A22006DBD30 /* LoginViewController.swift in Sources */,
				469DD69324618463006DBD30 /* AppDelegate.swift in Sources */,
				469DD6B72461A117006DBD30 /* SceneDelegate.swift in Sources */,
				469DD6C124627218006DBD30 /* AppTextField.swift in Sources */,
			);
			runOnlyForDeploymentPostprocessing = 0;
		};
/* End PBXSourcesBuildPhase section */

/* Begin PBXVariantGroup section */
		469DD69D24618465006DBD30 /* LaunchScreen.storyboard */ = {
			isa = PBXVariantGroup;
			children = (
				469DD69E24618465006DBD30 /* Base */,
			);
			name = LaunchScreen.storyboard;
			sourceTree = "<group>";
		};
/* End PBXVariantGroup section */

/* Begin XCBuildConfiguration section */
		469DD6A124618465006DBD30 /* Debug */ = {
			isa = XCBuildConfiguration;
			buildSettings = {
				ALWAYS_SEARCH_USER_PATHS = NO;
				CLANG_ANALYZER_NONNULL = YES;
				CLANG_ANALYZER_NUMBER_OBJECT_CONVERSION = YES_AGGRESSIVE;
				CLANG_CXX_LANGUAGE_STANDARD = "gnu++14";
				CLANG_CXX_LIBRARY = "libc++";
				CLANG_ENABLE_MODULES = YES;
				CLANG_ENABLE_OBJC_ARC = YES;
				CLANG_ENABLE_OBJC_WEAK = YES;
				CLANG_WARN_BLOCK_CAPTURE_AUTORELEASING = YES;
				CLANG_WARN_BOOL_CONVERSION = YES;
				CLANG_WARN_COMMA = YES;
				CLANG_WARN_CONSTANT_CONVERSION = YES;
				CLANG_WARN_DEPRECATED_OBJC_IMPLEMENTATIONS = YES;
				CLANG_WARN_DIRECT_OBJC_ISA_USAGE = YES_ERROR;
				CLANG_WARN_DOCUMENTATION_COMMENTS = YES;
				CLANG_WARN_EMPTY_BODY = YES;
				CLANG_WARN_ENUM_CONVERSION = YES;
				CLANG_WARN_INFINITE_RECURSION = YES;
				CLANG_WARN_INT_CONVERSION = YES;
				CLANG_WARN_NON_LITERAL_NULL_CONVERSION = YES;
				CLANG_WARN_OBJC_IMPLICIT_RETAIN_SELF = YES;
				CLANG_WARN_OBJC_LITERAL_CONVERSION = YES;
				CLANG_WARN_OBJC_ROOT_CLASS = YES_ERROR;
				CLANG_WARN_RANGE_LOOP_ANALYSIS = YES;
				CLANG_WARN_STRICT_PROTOTYPES = YES;
				CLANG_WARN_SUSPICIOUS_MOVE = YES;
				CLANG_WARN_UNGUARDED_AVAILABILITY = YES_AGGRESSIVE;
				CLANG_WARN_UNREACHABLE_CODE = YES;
				CLANG_WARN__DUPLICATE_METHOD_MATCH = YES;
				COPY_PHASE_STRIP = NO;
				DEBUG_INFORMATION_FORMAT = dwarf;
				ENABLE_STRICT_OBJC_MSGSEND = YES;
				ENABLE_TESTABILITY = YES;
				GCC_C_LANGUAGE_STANDARD = gnu11;
				GCC_DYNAMIC_NO_PIC = NO;
				GCC_NO_COMMON_BLOCKS = YES;
				GCC_OPTIMIZATION_LEVEL = 0;
				GCC_PREPROCESSOR_DEFINITIONS = (
					"DEBUG=1",
					"$(inherited)",
				);
				GCC_WARN_64_TO_32_BIT_CONVERSION = YES;
				GCC_WARN_ABOUT_RETURN_TYPE = YES_ERROR;
				GCC_WARN_UNDECLARED_SELECTOR = YES;
				GCC_WARN_UNINITIALIZED_AUTOS = YES_AGGRESSIVE;
				GCC_WARN_UNUSED_FUNCTION = YES;
				GCC_WARN_UNUSED_VARIABLE = YES;
				IPHONEOS_DEPLOYMENT_TARGET = 13.4;
				MTL_ENABLE_DEBUG_INFO = INCLUDE_SOURCE;
				MTL_FAST_MATH = YES;
				ONLY_ACTIVE_ARCH = YES;
				SDKROOT = iphoneos;
				SWIFT_ACTIVE_COMPILATION_CONDITIONS = DEBUG;
				SWIFT_OPTIMIZATION_LEVEL = "-Onone";
			};
			name = Debug;
		};
		469DD6A224618465006DBD30 /* Release */ = {
			isa = XCBuildConfiguration;
			buildSettings = {
				ALWAYS_SEARCH_USER_PATHS = NO;
				CLANG_ANALYZER_NONNULL = YES;
				CLANG_ANALYZER_NUMBER_OBJECT_CONVERSION = YES_AGGRESSIVE;
				CLANG_CXX_LANGUAGE_STANDARD = "gnu++14";
				CLANG_CXX_LIBRARY = "libc++";
				CLANG_ENABLE_MODULES = YES;
				CLANG_ENABLE_OBJC_ARC = YES;
				CLANG_ENABLE_OBJC_WEAK = YES;
				CLANG_WARN_BLOCK_CAPTURE_AUTORELEASING = YES;
				CLANG_WARN_BOOL_CONVERSION = YES;
				CLANG_WARN_COMMA = YES;
				CLANG_WARN_CONSTANT_CONVERSION = YES;
				CLANG_WARN_DEPRECATED_OBJC_IMPLEMENTATIONS = YES;
				CLANG_WARN_DIRECT_OBJC_ISA_USAGE = YES_ERROR;
				CLANG_WARN_DOCUMENTATION_COMMENTS = YES;
				CLANG_WARN_EMPTY_BODY = YES;
				CLANG_WARN_ENUM_CONVERSION = YES;
				CLANG_WARN_INFINITE_RECURSION = YES;
				CLANG_WARN_INT_CONVERSION = YES;
				CLANG_WARN_NON_LITERAL_NULL_CONVERSION = YES;
				CLANG_WARN_OBJC_IMPLICIT_RETAIN_SELF = YES;
				CLANG_WARN_OBJC_LITERAL_CONVERSION = YES;
				CLANG_WARN_OBJC_ROOT_CLASS = YES_ERROR;
				CLANG_WARN_RANGE_LOOP_ANALYSIS = YES;
				CLANG_WARN_STRICT_PROTOTYPES = YES;
				CLANG_WARN_SUSPICIOUS_MOVE = YES;
				CLANG_WARN_UNGUARDED_AVAILABILITY = YES_AGGRESSIVE;
				CLANG_WARN_UNREACHABLE_CODE = YES;
				CLANG_WARN__DUPLICATE_METHOD_MATCH = YES;
				COPY_PHASE_STRIP = NO;
				DEBUG_INFORMATION_FORMAT = "dwarf-with-dsym";
				ENABLE_NS_ASSERTIONS = NO;
				ENABLE_STRICT_OBJC_MSGSEND = YES;
				GCC_C_LANGUAGE_STANDARD = gnu11;
				GCC_NO_COMMON_BLOCKS = YES;
				GCC_WARN_64_TO_32_BIT_CONVERSION = YES;
				GCC_WARN_ABOUT_RETURN_TYPE = YES_ERROR;
				GCC_WARN_UNDECLARED_SELECTOR = YES;
				GCC_WARN_UNINITIALIZED_AUTOS = YES_AGGRESSIVE;
				GCC_WARN_UNUSED_FUNCTION = YES;
				GCC_WARN_UNUSED_VARIABLE = YES;
				IPHONEOS_DEPLOYMENT_TARGET = 13.4;
				MTL_ENABLE_DEBUG_INFO = NO;
				MTL_FAST_MATH = YES;
				SDKROOT = iphoneos;
				SWIFT_COMPILATION_MODE = wholemodule;
				SWIFT_OPTIMIZATION_LEVEL = "-O";
				VALIDATE_PRODUCT = YES;
			};
			name = Release;
		};
		469DD6A424618465006DBD30 /* Debug */ = {
			isa = XCBuildConfiguration;
			buildSettings = {
				ASSETCATALOG_COMPILER_APPICON_NAME = AppIcon;
				CODE_SIGN_STYLE = Automatic;
				DEVELOPMENT_TEAM = 786FYLB3L3;
				INFOPLIST_FILE = "Pickapp&Go/Info.plist";
				LD_RUNPATH_SEARCH_PATHS = (
					"$(inherited)",
					"@executable_path/Frameworks",
				);
				PRODUCT_BUNDLE_IDENTIFIER = "MikhailSemerikov.Pickapp-Go";
				PRODUCT_NAME = "$(TARGET_NAME)";
				SWIFT_VERSION = 5.0;
				TARGETED_DEVICE_FAMILY = 1;
			};
			name = Debug;
		};
		469DD6A524618465006DBD30 /* Release */ = {
			isa = XCBuildConfiguration;
			buildSettings = {
				ASSETCATALOG_COMPILER_APPICON_NAME = AppIcon;
				CODE_SIGN_STYLE = Automatic;
				DEVELOPMENT_TEAM = 786FYLB3L3;
				INFOPLIST_FILE = "Pickapp&Go/Info.plist";
				LD_RUNPATH_SEARCH_PATHS = (
					"$(inherited)",
					"@executable_path/Frameworks",
				);
				PRODUCT_BUNDLE_IDENTIFIER = "MikhailSemerikov.Pickapp-Go";
				PRODUCT_NAME = "$(TARGET_NAME)";
				SWIFT_VERSION = 5.0;
				TARGETED_DEVICE_FAMILY = 1;
			};
			name = Release;
		};
/* End XCBuildConfiguration section */

/* Begin XCConfigurationList section */
		469DD68A24618463006DBD30 /* Build configuration list for PBXProject "Pickapp&Go" */ = {
			isa = XCConfigurationList;
			buildConfigurations = (
				469DD6A124618465006DBD30 /* Debug */,
				469DD6A224618465006DBD30 /* Release */,
			);
			defaultConfigurationIsVisible = 0;
			defaultConfigurationName = Release;
		};
		469DD6A324618465006DBD30 /* Build configuration list for PBXNativeTarget "Pickapp&Go" */ = {
			isa = XCConfigurationList;
			buildConfigurations = (
				469DD6A424618465006DBD30 /* Debug */,
				469DD6A524618465006DBD30 /* Release */,
			);
			defaultConfigurationIsVisible = 0;
			defaultConfigurationName = Release;
		};
/* End XCConfigurationList section */
	};
	rootObject = 469DD68724618463006DBD30 /* Project object */;
}
